#MicroXplorer Configuration settings - do not modify
Mcu.Family=STM32F4
ProjectManager.MainLocation=Core/Src
ProjectManager.ProjectFileName=Bachelor.ioc
RCC.CortexFreq_Value=16000000
ProjectManager.KeepUserCode=true
Mcu.UserName=STM32F446RETx
Mcu.PinsNb=9
ProjectManager.NoMain=false
TIM1.IPParameters=Channel-PWM Generation1 CH1,Channel-PWM Generation2 CH2,Channel-PWM Generation3 CH3
ADC1.IPParameters=Rank-1\#ChannelRegularConversion,master,Channel-1\#ChannelRegularConversion,SamplingTime-1\#ChannelRegularConversion,NbrOfConversionFlag
SH.ADCx_IN2.0=ADC1_IN2,IN2
RCC.PLLCLKFreq_Value=96000000
RCC.PLLQCLKFreq_Value=96000000
RCC.VCOI2SInputFreq_Value=1000000
ProjectManager.functionlistsort=1-MX_GPIO_Init-GPIO-false-HAL-true,2-SystemClock_Config-RCC-false-HAL-false,3-MX_ADC1_Init-ADC1-false-HAL-true,4-MX_TIM1_Init-TIM1-false-HAL-true
ProjectManager.DefaultFWLocation=true
RCC.PLLI2SRCLKFreq_Value=96000000
ProjectManager.DeletePrevious=true
SH.S_TIM1_CH3.ConfNb=1
SH.S_TIM1_CH1.ConfNb=1
RCC.SAIAFreq_Value=96000000
PinOutPanel.RotationAngle=0
RCC.FamilyName=M
ProjectManager.StackSize=0x400
Mcu.IP4=TIM1
Mcu.IP2=RCC
NVIC.SVCall_IRQn=true\:0\:0\:false\:false\:true\:false\:false
Mcu.IP3=SYS
Mcu.IP0=ADC1
Mcu.IP1=NVIC
SH.S_TIM1_CH1.0=TIM1_CH1,PWM Generation1 CH1
Mcu.UserConstants=
ProjectManager.TargetToolchain=STM32CubeIDE
Mcu.ThirdPartyNb=0
RCC.SDIOFreq_Value=96000000
Mcu.IPNb=5
ProjectManager.PreviousToolchain=
PA9.Signal=S_TIM1_CH2
VP_TIM1_VS_ClockSourceINT.Signal=TIM1_VS_ClockSourceINT
ADC1.Channel-1\#ChannelRegularConversion=ADC_CHANNEL_2
TIM1.Channel-PWM\ Generation2\ CH2=TIM_CHANNEL_2
Mcu.Pin6=PA10
Mcu.Pin7=VP_SYS_VS_Systick
ProjectManager.RegisterCallBack=
RCC.USBFreq_Value=96000000
Mcu.Pin8=VP_TIM1_VS_ClockSourceINT
RCC.VCOSAIOutputFreq_Value=192000000
Mcu.Pin0=PA2
PB1.Locked=true
Mcu.Pin1=PA7
SH.S_TIM1_CH2.ConfNb=1
GPIO.groupedBy=Group By Peripherals
Mcu.Pin2=PB0
Mcu.Pin3=PB1
Mcu.Pin4=PA8
RCC.VCOI2SOutputFreq_Value=192000000
Mcu.Pin5=PA9
ProjectManager.ProjectBuild=false
NVIC.UsageFault_IRQn=true\:0\:0\:false\:false\:true\:false\:false
NVIC.DebugMonitor_IRQn=true\:0\:0\:false\:false\:true\:false\:false
RCC.PLLSAIPCLKFreq_Value=96000000
board=custom
RCC.VCOOutputFreq_Value=192000000
NVIC.SysTick_IRQn=true\:0\:0\:false\:false\:true\:false\:true
ProjectManager.LastFirmware=true
ProjectManager.FirmwarePackage=STM32Cube FW_F4 V1.26.0
MxDb.Version=DB.6.0.20
ProjectManager.BackupPrevious=false
MxCube.Version=6.2.0
RCC.VCOInputFreq_Value=1000000
SH.S_TIM1_CH2.0=TIM1_CH2,PWM Generation2 CH2
TIM1.Channel-PWM\ Generation1\ CH1=TIM_CHANNEL_1
RCC.PLLI2SPCLKFreq_Value=96000000
SH.ADCx_IN2.ConfNb=1
File.Version=6
VP_SYS_VS_Systick.Mode=SysTick
NVIC.NonMaskableInt_IRQn=true\:0\:0\:false\:false\:true\:false\:false
PA8.Signal=S_TIM1_CH1
RCC.PLLRCLKFreq_Value=96000000
NVIC.PendSV_IRQn=true\:0\:0\:false\:false\:true\:false\:false
ProjectManager.FreePins=false
RCC.IPParameters=CECFreq_Value,CortexFreq_Value,FamilyName,PLLCLKFreq_Value,PLLI2SPCLKFreq_Value,PLLI2SQCLKFreq_Value,PLLI2SRCLKFreq_Value,PLLQCLKFreq_Value,PLLRCLKFreq_Value,PLLSAIPCLKFreq_Value,PLLSAIQCLKFreq_Value,SAIAFreq_Value,SAIBFreq_Value,SDIOFreq_Value,USBFreq_Value,VCOI2SInputFreq_Value,VCOI2SOutputFreq_Value,VCOInputFreq_Value,VCOOutputFreq_Value,VCOSAIInputFreq_Value,VCOSAIOutputFreq_Value
ProjectManager.AskForMigrate=true
Mcu.Name=STM32F446R(C-E)Tx
RCC.PLLI2SQCLKFreq_Value=96000000
ProjectManager.HalAssertFull=false
PB0.Locked=true
VP_TIM1_VS_ClockSourceINT.Mode=Internal
PA2.Signal=ADCx_IN2
ProjectManager.ProjectName=Bachelor
ProjectManager.UnderRoot=true
RCC.VCOSAIInputFreq_Value=1000000
ProjectManager.CoupleFile=false
ADC1.SamplingTime-1\#ChannelRegularConversion=ADC_SAMPLETIME_3CYCLES
Mcu.Package=LQFP64
PB1.Signal=TIM1_CH3N
ADC1.master=1
PA7.Locked=true
NVIC.ForceEnableDMAVector=true
KeepUserPlacement=false
NVIC.MemoryManagement_IRQn=true\:0\:0\:false\:false\:true\:false\:false
ProjectManager.CompilerOptimize=6
ADC1.Rank-1\#ChannelRegularConversion=1
ProjectManager.ToolChainLocation=
VP_SYS_VS_Systick.Signal=SYS_VS_Systick
PA10.Signal=S_TIM1_CH3
ProjectManager.HeapSize=0x200
NVIC.HardFault_IRQn=true\:0\:0\:false\:false\:true\:false\:false
SH.S_TIM1_CH3.0=TIM1_CH3,PWM Generation3 CH3
ProjectManager.ComputerToolchain=false
NVIC.PriorityGroup=NVIC_PRIORITYGROUP_4
ADC1.NbrOfConversionFlag=1
RCC.CECFreq_Value=32786.88524590164
NVIC.BusFault_IRQn=true\:0\:0\:false\:false\:true\:false\:false
TIM1.Channel-PWM\ Generation3\ CH3=TIM_CHANNEL_3
RCC.SAIBFreq_Value=96000000
PB0.Signal=TIM1_CH2N
ProjectManager.CustomerFirmwarePackage=
ProjectManager.DeviceId=STM32F446RETx
ProjectManager.LibraryCopy=1
RCC.PLLSAIQCLKFreq_Value=96000000
PA7.Signal=TIM1_CH1N
isbadioc=false
